
Microsoft Visual Studio Solution File, Format Version 12.00
# Visual Studio 15
VisualStudioVersion = 15.0.27004.2009
MinimumVisualStudioVersion = 10.0.40219.1
Project("{FAE04EC0-301F-11D3-BF4B-00C04F79EFBC}") = "SmartVideo", "SmartVideo\SmartVideo.csproj", "{9DA23492-6CFD-4D36-A841-5AC414974385}"
EndProject
Project("{FAE04EC0-301F-11D3-BF4B-00C04F79EFBC}") = "SmartWCFService", "Service WCF\SmartWCFService.csproj", "{86218A39-67C1-4C4E-A185-75E2E7A70753}"
EndProject
Project("{FAE04EC0-301F-11D3-BF4B-00C04F79EFBC}") = "SmartVideoWeb", "SmartVideoWeb\SmartVideoWeb.csproj", "{5A5CE75A-8D0E-43E1-8678-F1DCA67F78A4}"
EndProject
Project("{FAE04EC0-301F-11D3-BF4B-00C04F79EFBC}") = "DTOLib", "DTOLib\DTOLib.csproj", "{152B13C5-A53A-4FB2-BF1A-81F1BB5B820D}"
EndProject
Project("{FAE04EC0-301F-11D3-BF4B-00C04F79EFBC}") = "BusinessLogicLayer", "BusinessLogicLayer\BusinessLogicLayer.csproj", "{DFEE3DC3-BD08-47E9-A681-91E17AC053B1}"
EndProject
Project("{FAE04EC0-301F-11D3-BF4B-00C04F79EFBC}") = "DataAccessLayer", "DataAccessLayer\DataAccessLayer.csproj", "{E3B2AA21-5937-4203-9F38-82C8E609D245}"
EndProject
Project("{FAE04EC0-301F-11D3-BF4B-00C04F79EFBC}") = "DataAccessLayerDBVideotheque", "DataAccessLayerDBVideotheque\DataAccessLayerDBVideotheque.csproj", "{1CB41350-32E8-4CB2-A515-0B8FA6330F03}"
EndProject
Global
	GlobalSection(SolutionConfigurationPlatforms) = preSolution
		Debug|Any CPU = Debug|Any CPU
		Release|Any CPU = Release|Any CPU
	EndGlobalSection
	GlobalSection(ProjectConfigurationPlatforms) = postSolution
		{9DA23492-6CFD-4D36-A841-5AC414974385}.Debug|Any CPU.ActiveCfg = Debug|Any CPU
		{9DA23492-6CFD-4D36-A841-5AC414974385}.Debug|Any CPU.Build.0 = Debug|Any CPU
		{9DA23492-6CFD-4D36-A841-5AC414974385}.Release|Any CPU.ActiveCfg = Release|Any CPU
		{9DA23492-6CFD-4D36-A841-5AC414974385}.Release|Any CPU.Build.0 = Release|Any CPU
		{86218A39-67C1-4C4E-A185-75E2E7A70753}.Debug|Any CPU.ActiveCfg = Debug|Any CPU
		{86218A39-67C1-4C4E-A185-75E2E7A70753}.Debug|Any CPU.Build.0 = Debug|Any CPU
		{86218A39-67C1-4C4E-A185-75E2E7A70753}.Release|Any CPU.ActiveCfg = Release|Any CPU
		{86218A39-67C1-4C4E-A185-75E2E7A70753}.Release|Any CPU.Build.0 = Release|Any CPU
		{5A5CE75A-8D0E-43E1-8678-F1DCA67F78A4}.Debug|Any CPU.ActiveCfg = Debug|Any CPU
		{5A5CE75A-8D0E-43E1-8678-F1DCA67F78A4}.Debug|Any CPU.Build.0 = Debug|Any CPU
		{5A5CE75A-8D0E-43E1-8678-F1DCA67F78A4}.Release|Any CPU.ActiveCfg = Release|Any CPU
		{5A5CE75A-8D0E-43E1-8678-F1DCA67F78A4}.Release|Any CPU.Build.0 = Release|Any CPU
		{152B13C5-A53A-4FB2-BF1A-81F1BB5B820D}.Debug|Any CPU.ActiveCfg = Debug|Any CPU
		{152B13C5-A53A-4FB2-BF1A-81F1BB5B820D}.Debug|Any CPU.Build.0 = Debug|Any CPU
		{152B13C5-A53A-4FB2-BF1A-81F1BB5B820D}.Release|Any CPU.ActiveCfg = Release|Any CPU
		{152B13C5-A53A-4FB2-BF1A-81F1BB5B820D}.Release|Any CPU.Build.0 = Release|Any CPU
		{DFEE3DC3-BD08-47E9-A681-91E17AC053B1}.Debug|Any CPU.ActiveCfg = Debug|Any CPU
		{DFEE3DC3-BD08-47E9-A681-91E17AC053B1}.Debug|Any CPU.Build.0 = Debug|Any CPU
		{DFEE3DC3-BD08-47E9-A681-91E17AC053B1}.Release|Any CPU.ActiveCfg = Release|Any CPU
		{DFEE3DC3-BD08-47E9-A681-91E17AC053B1}.Release|Any CPU.Build.0 = Release|Any CPU
		{E3B2AA21-5937-4203-9F38-82C8E609D245}.Debug|Any CPU.ActiveCfg = Debug|Any CPU
		{E3B2AA21-5937-4203-9F38-82C8E609D245}.Debug|Any CPU.Build.0 = Debug|Any CPU
		{E3B2AA21-5937-4203-9F38-82C8E609D245}.Release|Any CPU.ActiveCfg = Release|Any CPU
		{E3B2AA21-5937-4203-9F38-82C8E609D245}.Release|Any CPU.Build.0 = Release|Any CPU
		{1CB41350-32E8-4CB2-A515-0B8FA6330F03}.Debug|Any CPU.ActiveCfg = Debug|Any CPU
		{1CB41350-32E8-4CB2-A515-0B8FA6330F03}.Debug|Any CPU.Build.0 = Debug|Any CPU
		{1CB41350-32E8-4CB2-A515-0B8FA6330F03}.Release|Any CPU.ActiveCfg = Release|Any CPU
		{1CB41350-32E8-4CB2-A515-0B8FA6330F03}.Release|Any CPU.Build.0 = Release|Any CPU
	EndGlobalSection
	GlobalSection(SolutionProperties) = preSolution
		HideSolutionNode = FALSE
	EndGlobalSection
	GlobalSection(ExtensibilityGlobals) = postSolution
		SolutionGuid = {5B93A2D2-9347-4A6A-B49C-023286E96B3C}
	EndGlobalSection
EndGlobal
