
Microsoft Visual Studio Solution File, Format Version 12.00
# Visual Studio 15
VisualStudioVersion = 15.0.27130.2024
MinimumVisualStudioVersion = 10.0.40219.1
Project("{FAE04EC0-301F-11D3-BF4B-00C04F79EFBC}") = "SmartVideo", "SmartVideo\SmartVideo.csproj", "{9DA23492-6CFD-4D36-A841-5AC414974385}"
	ProjectSection(ProjectDependencies) = postProject
		{E9029A27-6FD7-4C6D-A9B9-F9368B7B0842} = {E9029A27-6FD7-4C6D-A9B9-F9368B7B0842}
	EndProjectSection
EndProject
Project("{FAE04EC0-301F-11D3-BF4B-00C04F79EFBC}") = "DTOLib", "DTOLib\DTOLib.csproj", "{152B13C5-A53A-4FB2-BF1A-81F1BB5B820D}"
EndProject
Project("{FAE04EC0-301F-11D3-BF4B-00C04F79EFBC}") = "BusinessLogicLayerBDFilm", "BusinessLogicLayer\BusinessLogicLayerBDFilm.csproj", "{DFEE3DC3-BD08-47E9-A681-91E17AC053B1}"
EndProject
Project("{FAE04EC0-301F-11D3-BF4B-00C04F79EFBC}") = "DataAccessLayerBDFilm", "DataAccessLayerDBFilm\DataAccessLayerBDFilm.csproj", "{21344474-5B98-49E7-AAE4-0E88C22222D1}"
EndProject
Project("{FAE04EC0-301F-11D3-BF4B-00C04F79EFBC}") = "SmartVideoWindowsService", "SmartVideoWindowsService\SmartVideoWindowsService.csproj", "{22D54066-53CE-41F3-B9E8-DE114B9E78A5}"
EndProject
Project("{FAE04EC0-301F-11D3-BF4B-00C04F79EFBC}") = "SmartWCFService", "SmartWCFService\SmartWCFService.csproj", "{E9029A27-6FD7-4C6D-A9B9-F9368B7B0842}"
EndProject
Project("{E24C65DC-7377-472B-9ABA-BC803B73C61A}") = "Web@SmartVideo(1)", "Web@SmartVideo\", "{D4992CD4-BE45-4B2A-AA9A-F4C2F65E1574}"
	ProjectSection(WebsiteProperties) = preProject
		TargetFrameworkMoniker = ".NETFramework,Version%3Dv4.6.1"
		ProjectReferences = "{152b13c5-a53a-4fb2-bf1a-81f1bb5b820d}|DTOLib.dll;{DFEE3DC3-BD08-47E9-A681-91E17AC053B1}|BusinessLogicLayer.dll;{21344474-5B98-49E7-AAE4-0E88C22222D1}|DataAccessLayerDBFilm.dll;{ba6e77b1-927d-4b52-9428-a1312f67a585}|DataAccessLayerBDSmartVideo.dll;{9416ad9d-a99b-4f7c-b709-67c6f8c31895}|BusinessLogicLayerBDSmartVideo.dll;{e9029a27-6fd7-4c6d-a9b9-f9368b7b0842}|SmartWCFService.dll;"
		Debug.AspNetCompiler.VirtualPath = "/localhost_58794"
		Debug.AspNetCompiler.PhysicalPath = "Web@SmartVideo\"
		Debug.AspNetCompiler.TargetPath = "PrecompiledWeb\localhost_58794\"
		Debug.AspNetCompiler.Updateable = "true"
		Debug.AspNetCompiler.ForceOverwrite = "true"
		Debug.AspNetCompiler.FixedNames = "false"
		Debug.AspNetCompiler.Debug = "True"
		Release.AspNetCompiler.VirtualPath = "/localhost_58794"
		Release.AspNetCompiler.PhysicalPath = "Web@SmartVideo\"
		Release.AspNetCompiler.TargetPath = "PrecompiledWeb\localhost_58794\"
		Release.AspNetCompiler.Updateable = "true"
		Release.AspNetCompiler.ForceOverwrite = "true"
		Release.AspNetCompiler.FixedNames = "false"
		Release.AspNetCompiler.Debug = "False"
		VWDPort = "58794"
		SlnRelativePath = "Web@SmartVideo\"
		DefaultWebSiteLanguage = "Visual C#"
	EndProjectSection
EndProject
Project("{FAE04EC0-301F-11D3-BF4B-00C04F79EFBC}") = "DataAccessLayerBDSmartVideo", "DataAccessLayerBDSmartVideo\DataAccessLayerBDSmartVideo.csproj", "{BA6E77B1-927D-4B52-9428-A1312F67A585}"
EndProject
Project("{FAE04EC0-301F-11D3-BF4B-00C04F79EFBC}") = "BusinessLogicLayerBDSmartVideo", "BusinessLogicLayerBDSmartVideo\BusinessLogicLayerBDSmartVideo.csproj", "{9416AD9D-A99B-4F7C-B709-67C6F8C31895}"
EndProject
Project("{FAE04EC0-301F-11D3-BF4B-00C04F79EFBC}") = "ConsoleApp", "ConsoleApp\ConsoleApp.csproj", "{AEDAC4B1-A850-44AF-8E77-695842789D7F}"
	ProjectSection(ProjectDependencies) = postProject
		{E9029A27-6FD7-4C6D-A9B9-F9368B7B0842} = {E9029A27-6FD7-4C6D-A9B9-F9368B7B0842}
	EndProjectSection
EndProject
Project("{FAE04EC0-301F-11D3-BF4B-00C04F79EFBC}") = "SmartStatService", "SmartStatService\SmartStatService.csproj", "{E3F15969-A076-4C40-A755-2267D7DA64DD}"
	ProjectSection(ProjectDependencies) = postProject
		{E9029A27-6FD7-4C6D-A9B9-F9368B7B0842} = {E9029A27-6FD7-4C6D-A9B9-F9368B7B0842}
	EndProjectSection
EndProject
Global
	GlobalSection(SolutionConfigurationPlatforms) = preSolution
		Debug|Any CPU = Debug|Any CPU
		Release|Any CPU = Release|Any CPU
	EndGlobalSection
	GlobalSection(ProjectConfigurationPlatforms) = postSolution
		{9DA23492-6CFD-4D36-A841-5AC414974385}.Debug|Any CPU.ActiveCfg = Debug|Any CPU
		{9DA23492-6CFD-4D36-A841-5AC414974385}.Debug|Any CPU.Build.0 = Debug|Any CPU
		{9DA23492-6CFD-4D36-A841-5AC414974385}.Release|Any CPU.ActiveCfg = Release|Any CPU
		{9DA23492-6CFD-4D36-A841-5AC414974385}.Release|Any CPU.Build.0 = Release|Any CPU
		{152B13C5-A53A-4FB2-BF1A-81F1BB5B820D}.Debug|Any CPU.ActiveCfg = Debug|Any CPU
		{152B13C5-A53A-4FB2-BF1A-81F1BB5B820D}.Debug|Any CPU.Build.0 = Debug|Any CPU
		{152B13C5-A53A-4FB2-BF1A-81F1BB5B820D}.Release|Any CPU.ActiveCfg = Release|Any CPU
		{152B13C5-A53A-4FB2-BF1A-81F1BB5B820D}.Release|Any CPU.Build.0 = Release|Any CPU
		{DFEE3DC3-BD08-47E9-A681-91E17AC053B1}.Debug|Any CPU.ActiveCfg = Debug|Any CPU
		{DFEE3DC3-BD08-47E9-A681-91E17AC053B1}.Debug|Any CPU.Build.0 = Debug|Any CPU
		{DFEE3DC3-BD08-47E9-A681-91E17AC053B1}.Release|Any CPU.ActiveCfg = Release|Any CPU
		{DFEE3DC3-BD08-47E9-A681-91E17AC053B1}.Release|Any CPU.Build.0 = Release|Any CPU
		{21344474-5B98-49E7-AAE4-0E88C22222D1}.Debug|Any CPU.ActiveCfg = Debug|Any CPU
		{21344474-5B98-49E7-AAE4-0E88C22222D1}.Debug|Any CPU.Build.0 = Debug|Any CPU
		{21344474-5B98-49E7-AAE4-0E88C22222D1}.Release|Any CPU.ActiveCfg = Release|Any CPU
		{21344474-5B98-49E7-AAE4-0E88C22222D1}.Release|Any CPU.Build.0 = Release|Any CPU
		{22D54066-53CE-41F3-B9E8-DE114B9E78A5}.Debug|Any CPU.ActiveCfg = Debug|Any CPU
		{22D54066-53CE-41F3-B9E8-DE114B9E78A5}.Debug|Any CPU.Build.0 = Debug|Any CPU
		{22D54066-53CE-41F3-B9E8-DE114B9E78A5}.Release|Any CPU.ActiveCfg = Release|Any CPU
		{22D54066-53CE-41F3-B9E8-DE114B9E78A5}.Release|Any CPU.Build.0 = Release|Any CPU
		{E9029A27-6FD7-4C6D-A9B9-F9368B7B0842}.Debug|Any CPU.ActiveCfg = Debug|Any CPU
		{E9029A27-6FD7-4C6D-A9B9-F9368B7B0842}.Debug|Any CPU.Build.0 = Debug|Any CPU
		{E9029A27-6FD7-4C6D-A9B9-F9368B7B0842}.Release|Any CPU.ActiveCfg = Release|Any CPU
		{E9029A27-6FD7-4C6D-A9B9-F9368B7B0842}.Release|Any CPU.Build.0 = Release|Any CPU
		{D4992CD4-BE45-4B2A-AA9A-F4C2F65E1574}.Debug|Any CPU.ActiveCfg = Debug|Any CPU
		{D4992CD4-BE45-4B2A-AA9A-F4C2F65E1574}.Debug|Any CPU.Build.0 = Debug|Any CPU
		{D4992CD4-BE45-4B2A-AA9A-F4C2F65E1574}.Release|Any CPU.ActiveCfg = Debug|Any CPU
		{D4992CD4-BE45-4B2A-AA9A-F4C2F65E1574}.Release|Any CPU.Build.0 = Debug|Any CPU
		{BA6E77B1-927D-4B52-9428-A1312F67A585}.Debug|Any CPU.ActiveCfg = Debug|Any CPU
		{BA6E77B1-927D-4B52-9428-A1312F67A585}.Debug|Any CPU.Build.0 = Debug|Any CPU
		{BA6E77B1-927D-4B52-9428-A1312F67A585}.Release|Any CPU.ActiveCfg = Release|Any CPU
		{BA6E77B1-927D-4B52-9428-A1312F67A585}.Release|Any CPU.Build.0 = Release|Any CPU
		{9416AD9D-A99B-4F7C-B709-67C6F8C31895}.Debug|Any CPU.ActiveCfg = Debug|Any CPU
		{9416AD9D-A99B-4F7C-B709-67C6F8C31895}.Debug|Any CPU.Build.0 = Debug|Any CPU
		{9416AD9D-A99B-4F7C-B709-67C6F8C31895}.Release|Any CPU.ActiveCfg = Release|Any CPU
		{9416AD9D-A99B-4F7C-B709-67C6F8C31895}.Release|Any CPU.Build.0 = Release|Any CPU
		{AEDAC4B1-A850-44AF-8E77-695842789D7F}.Debug|Any CPU.ActiveCfg = Debug|Any CPU
		{AEDAC4B1-A850-44AF-8E77-695842789D7F}.Debug|Any CPU.Build.0 = Debug|Any CPU
		{AEDAC4B1-A850-44AF-8E77-695842789D7F}.Release|Any CPU.ActiveCfg = Release|Any CPU
		{AEDAC4B1-A850-44AF-8E77-695842789D7F}.Release|Any CPU.Build.0 = Release|Any CPU
		{E3F15969-A076-4C40-A755-2267D7DA64DD}.Debug|Any CPU.ActiveCfg = Debug|Any CPU
		{E3F15969-A076-4C40-A755-2267D7DA64DD}.Debug|Any CPU.Build.0 = Debug|Any CPU
		{E3F15969-A076-4C40-A755-2267D7DA64DD}.Release|Any CPU.ActiveCfg = Release|Any CPU
		{E3F15969-A076-4C40-A755-2267D7DA64DD}.Release|Any CPU.Build.0 = Release|Any CPU
	EndGlobalSection
	GlobalSection(SolutionProperties) = preSolution
		HideSolutionNode = FALSE
	EndGlobalSection
	GlobalSection(ExtensibilityGlobals) = postSolution
		SolutionGuid = {5B93A2D2-9347-4A6A-B49C-023286E96B3C}
	EndGlobalSection
EndGlobal
